
Microsoft Visual Studio Solution File, Format Version 12.00
# Visual Studio Version 16
VisualStudioVersion = 16.0.29215.179
MinimumVisualStudioVersion = 10.0.40219.1
Project("{FAE04EC0-301F-11D3-BF4B-00C04F79EFBC}") = "class_makefun", "class_makefun.csproj", "{B66B2258-A52B-4882-9607-8ED2B09BBBC2}"
EndProject
Global
	GlobalSection(SolutionConfigurationPlatforms) = preSolution
		Debug|Any CPU = Debug|Any CPU
		Release|Any CPU = Release|Any CPU
	EndGlobalSection
	GlobalSection(ProjectConfigurationPlatforms) = postSolution
		{B66B2258-A52B-4882-9607-8ED2B09BBBC2}.Debug|Any CPU.ActiveCfg = Debug|Any CPU
		{B66B2258-A52B-4882-9607-8ED2B09BBBC2}.Debug|Any CPU.Build.0 = Debug|Any CPU
		{B66B2258-A52B-4882-9607-8ED2B09BBBC2}.Release|Any CPU.ActiveCfg = Release|Any CPU
		{B66B2258-A52B-4882-9607-8ED2B09BBBC2}.Release|Any CPU.Build.0 = Release|Any CPU
	EndGlobalSection
	GlobalSection(SolutionProperties) = preSolution
		HideSolutionNode = FALSE
	EndGlobalSection
	GlobalSection(ExtensibilityGlobals) = postSolution
		SolutionGuid = {4580EC40-DD51-407D-B9D3-0B4AB3669595}
	EndGlobalSection
EndGlobal
