
Microsoft Visual Studio Solution File, Format Version 12.00
# Visual Studio Version 16
VisualStudioVersion = 16.0.29209.62
MinimumVisualStudioVersion = 10.0.40219.1
Project("{FAE04EC0-301F-11D3-BF4B-00C04F79EFBC}") = "series", "series\series.csproj", "{001F07BB-04ED-4D07-8D28-D9117E0CF42B}"
EndProject
Global
	GlobalSection(SolutionConfigurationPlatforms) = preSolution
		Debug|Any CPU = Debug|Any CPU
		Release|Any CPU = Release|Any CPU
	EndGlobalSection
	GlobalSection(ProjectConfigurationPlatforms) = postSolution
		{001F07BB-04ED-4D07-8D28-D9117E0CF42B}.Debug|Any CPU.ActiveCfg = Debug|Any CPU
		{001F07BB-04ED-4D07-8D28-D9117E0CF42B}.Debug|Any CPU.Build.0 = Debug|Any CPU
		{001F07BB-04ED-4D07-8D28-D9117E0CF42B}.Release|Any CPU.ActiveCfg = Release|Any CPU
		{001F07BB-04ED-4D07-8D28-D9117E0CF42B}.Release|Any CPU.Build.0 = Release|Any CPU
	EndGlobalSection
	GlobalSection(SolutionProperties) = preSolution
		HideSolutionNode = FALSE
	EndGlobalSection
	GlobalSection(ExtensibilityGlobals) = postSolution
		SolutionGuid = {29A1851A-AE4C-4B60-BD74-E98979F69876}
	EndGlobalSection
EndGlobal
