
Microsoft Visual Studio Solution File, Format Version 12.00
# Visual Studio Version 16
VisualStudioVersion = 16.0.29215.179
MinimumVisualStudioVersion = 10.0.40219.1
Project("{FAE04EC0-301F-11D3-BF4B-00C04F79EFBC}") = "forth", "forth.csproj", "{45EA13A6-088A-4EC7-8283-74F8552A80E5}"
EndProject
Global
	GlobalSection(SolutionConfigurationPlatforms) = preSolution
		Debug|Any CPU = Debug|Any CPU
		Release|Any CPU = Release|Any CPU
	EndGlobalSection
	GlobalSection(ProjectConfigurationPlatforms) = postSolution
		{45EA13A6-088A-4EC7-8283-74F8552A80E5}.Debug|Any CPU.ActiveCfg = Debug|Any CPU
		{45EA13A6-088A-4EC7-8283-74F8552A80E5}.Debug|Any CPU.Build.0 = Debug|Any CPU
		{45EA13A6-088A-4EC7-8283-74F8552A80E5}.Release|Any CPU.ActiveCfg = Release|Any CPU
		{45EA13A6-088A-4EC7-8283-74F8552A80E5}.Release|Any CPU.Build.0 = Release|Any CPU
	EndGlobalSection
	GlobalSection(SolutionProperties) = preSolution
		HideSolutionNode = FALSE
	EndGlobalSection
	GlobalSection(ExtensibilityGlobals) = postSolution
		SolutionGuid = {A6194AD6-DC50-41FE-9572-0782177ABF35}
	EndGlobalSection
EndGlobal
